
Microsoft Visual Studio Solution File, Format Version 12.00
# Visual Studio Version 17
VisualStudioVersion = 17.0.31903.59
MinimumVisualStudioVersion = 10.0.40219.1
Project("{FAE04EC0-301F-11D3-BF4B-00C04F79EFBC}") = "Gajda.WeatherForecast.Contracts", "Gajda.WeatherForecast.Contracts\Gajda.WeatherForecast.Contracts.csproj", "{ADF118D2-D901-489F-B17C-CDB51EBF1184}"
EndProject
Project("{FAE04EC0-301F-11D3-BF4B-00C04F79EFBC}") = "Gajda.WeatherForecast", "Gajda.WeatherForecast\Gajda.WeatherForecast.csproj", "{0797BE64-8CC6-4A1E-A197-3746C2D5F50E}"
EndProject
Global
	GlobalSection(SolutionConfigurationPlatforms) = preSolution
		Debug|Any CPU = Debug|Any CPU
		Release|Any CPU = Release|Any CPU
	EndGlobalSection
	GlobalSection(SolutionProperties) = preSolution
		HideSolutionNode = FALSE
	EndGlobalSection
	GlobalSection(ProjectConfigurationPlatforms) = postSolution
		{ADF118D2-D901-489F-B17C-CDB51EBF1184}.Debug|Any CPU.ActiveCfg = Debug|Any CPU
		{ADF118D2-D901-489F-B17C-CDB51EBF1184}.Debug|Any CPU.Build.0 = Debug|Any CPU
		{ADF118D2-D901-489F-B17C-CDB51EBF1184}.Release|Any CPU.ActiveCfg = Release|Any CPU
		{ADF118D2-D901-489F-B17C-CDB51EBF1184}.Release|Any CPU.Build.0 = Release|Any CPU
		{0797BE64-8CC6-4A1E-A197-3746C2D5F50E}.Debug|Any CPU.ActiveCfg = Debug|Any CPU
		{0797BE64-8CC6-4A1E-A197-3746C2D5F50E}.Debug|Any CPU.Build.0 = Debug|Any CPU
		{0797BE64-8CC6-4A1E-A197-3746C2D5F50E}.Release|Any CPU.ActiveCfg = Release|Any CPU
		{0797BE64-8CC6-4A1E-A197-3746C2D5F50E}.Release|Any CPU.Build.0 = Release|Any CPU
	EndGlobalSection
EndGlobal
